
Microsoft Visual Studio Solution File, Format Version 12.00
# Visual Studio Version 17
VisualStudioVersion = 17.5.002.0
MinimumVisualStudioVersion = 10.0.40219.1
Project("{9A19103F-16F7-4668-BE54-9A1E7A4F7556}") = "Phonebook.Crud", "Phonebook.Crud.csproj", "{8EF04CD0-D906-4E65-88EE-5A54B8D6C7FD}"
EndProject
Global
	GlobalSection(SolutionConfigurationPlatforms) = preSolution
		Debug|Any CPU = Debug|Any CPU
		Release|Any CPU = Release|Any CPU
	EndGlobalSection
	GlobalSection(ProjectConfigurationPlatforms) = postSolution
		{8EF04CD0-D906-4E65-88EE-5A54B8D6C7FD}.Debug|Any CPU.ActiveCfg = Debug|Any CPU
		{8EF04CD0-D906-4E65-88EE-5A54B8D6C7FD}.Debug|Any CPU.Build.0 = Debug|Any CPU
		{8EF04CD0-D906-4E65-88EE-5A54B8D6C7FD}.Release|Any CPU.ActiveCfg = Release|Any CPU
		{8EF04CD0-D906-4E65-88EE-5A54B8D6C7FD}.Release|Any CPU.Build.0 = Release|Any CPU
	EndGlobalSection
	GlobalSection(SolutionProperties) = preSolution
		HideSolutionNode = FALSE
	EndGlobalSection
	GlobalSection(ExtensibilityGlobals) = postSolution
		SolutionGuid = {5F6FFC53-AA95-431E-9BB2-59E20616682D}
	EndGlobalSection
EndGlobal
